
Microsoft Visual Studio Solution File, Format Version 12.00
# Visual Studio Version 17
VisualStudioVersion = 17.0.31903.59
MinimumVisualStudioVersion = 10.0.40219.1
Project("{FAE04EC0-301F-11D3-BF4B-00C04F79EFBC}") = "ImportModel", "src\ImportModel.csproj", "{DC85E748-9537-43F6-84E7-378D5FC76C55}"
EndProject
Project("{FAE04EC0-301F-11D3-BF4B-00C04F79EFBC}") = "ImportModel.Dependencies", "dependencies\ImportModel.Dependencies.csproj", "{651B356C-E97B-47E2-9536-26306D7B0B0F}"
EndProject
Project("{FAE04EC0-301F-11D3-BF4B-00C04F79EFBC}") = "ImportModel.Tests", "test\ImportModel.Tests.csproj", "{52C68FE5-C695-4C74-A29B-1C14E0D38967}"
EndProject
Global
	GlobalSection(SolutionConfigurationPlatforms) = preSolution
		Debug|Any CPU = Debug|Any CPU
		Release|Any CPU = Release|Any CPU
	EndGlobalSection
	GlobalSection(SolutionProperties) = preSolution
		HideSolutionNode = FALSE
	EndGlobalSection
	GlobalSection(ProjectConfigurationPlatforms) = postSolution
		{DC85E748-9537-43F6-84E7-378D5FC76C55}.Debug|Any CPU.ActiveCfg = Debug|Any CPU
		{DC85E748-9537-43F6-84E7-378D5FC76C55}.Debug|Any CPU.Build.0 = Debug|Any CPU
		{DC85E748-9537-43F6-84E7-378D5FC76C55}.Release|Any CPU.ActiveCfg = Release|Any CPU
		{DC85E748-9537-43F6-84E7-378D5FC76C55}.Release|Any CPU.Build.0 = Release|Any CPU
		{651B356C-E97B-47E2-9536-26306D7B0B0F}.Debug|Any CPU.ActiveCfg = Debug|Any CPU
		{651B356C-E97B-47E2-9536-26306D7B0B0F}.Debug|Any CPU.Build.0 = Debug|Any CPU
		{651B356C-E97B-47E2-9536-26306D7B0B0F}.Release|Any CPU.ActiveCfg = Release|Any CPU
		{651B356C-E97B-47E2-9536-26306D7B0B0F}.Release|Any CPU.Build.0 = Release|Any CPU
		{52C68FE5-C695-4C74-A29B-1C14E0D38967}.Debug|Any CPU.ActiveCfg = Debug|Any CPU
		{52C68FE5-C695-4C74-A29B-1C14E0D38967}.Debug|Any CPU.Build.0 = Debug|Any CPU
		{52C68FE5-C695-4C74-A29B-1C14E0D38967}.Release|Any CPU.ActiveCfg = Release|Any CPU
		{52C68FE5-C695-4C74-A29B-1C14E0D38967}.Release|Any CPU.Build.0 = Release|Any CPU
	EndGlobalSection
EndGlobal
